// !$*UTF8*$!
{
	archiveVersion = 1;
	classes = {
	};
	objectVersion = 46;
	objects = {

/* Begin PBXBuildFile section */
		132BA0811F43CF03004B74AC /* BNUtils.swift in Sources */ = {isa = PBXBuildFile; fileRef = 132BA0801F43CF03004B74AC /* BNUtils.swift */; };
		132BA0831F43CF83004B74AC /* BNEtxn.swift in Sources */ = {isa = PBXBuildFile; fileRef = 132BA0821F43CF83004B74AC /* BNEtxn.swift */; };
		C9543DE41D3F003D0008E711 /* AppDelegate.swift in Sources */ = {isa = PBXBuildFile; fileRef = C9543DE31D3F003D0008E711 /* AppDelegate.swift */; };
		C9543DE61D3F003D0008E711 /* BNViewController.swift in Sources */ = {isa = PBXBuildFile; fileRef = C9543DE51D3F003D0008E711 /* BNViewController.swift */; };
		C9543DE91D3F003D0008E711 /* Main.storyboard in Resources */ = {isa = PBXBuildFile; fileRef = C9543DE71D3F003D0008E711 /* Main.storyboard */; };
		C9543DEB1D3F003D0008E711 /* Assets.xcassets in Resources */ = {isa = PBXBuildFile; fileRef = C9543DEA1D3F003D0008E711 /* Assets.xcassets */; };
		C9543DEE1D3F003D0008E711 /* LaunchScreen.storyboard in Resources */ = {isa = PBXBuildFile; fileRef = C9543DEC1D3F003D0008E711 /* LaunchScreen.storyboard */; };
/* End PBXBuildFile section */

/* Begin PBXFileReference section */
		132BA0801F43CF03004B74AC /* BNUtils.swift */ = {isa = PBXFileReference; lastKnownFileType = sourcecode.swift; path = BNUtils.swift; sourceTree = "<group>"; };
		132BA0821F43CF83004B74AC /* BNEtxn.swift */ = {isa = PBXFileReference; lastKnownFileType = sourcecode.swift; path = BNEtxn.swift; sourceTree = "<group>"; };
		C9543DE01D3F003C0008E711 /* BreakingNews.app */ = {isa = PBXFileReference; explicitFileType = wrapper.application; includeInIndex = 0; path = BreakingNews.app; sourceTree = BUILT_PRODUCTS_DIR; };
		C9543DE31D3F003D0008E711 /* AppDelegate.swift */ = {isa = PBXFileReference; lastKnownFileType = sourcecode.swift; path = AppDelegate.swift; sourceTree = "<group>"; };
		C9543DE51D3F003D0008E711 /* BNViewController.swift */ = {isa = PBXFileReference; lastKnownFileType = sourcecode.swift; path = BNViewController.swift; sourceTree = "<group>"; };
		C9543DE81D3F003D0008E711 /* Base */ = {isa = PBXFileReference; lastKnownFileType = file.storyboard; name = Base; path = Base.lproj/Main.storyboard; sourceTree = "<group>"; };
		C9543DEA1D3F003D0008E711 /* Assets.xcassets */ = {isa = PBXFileReference; lastKnownFileType = folder.assetcatalog; path = Assets.xcassets; sourceTree = "<group>"; };
		C9543DED1D3F003D0008E711 /* Base */ = {isa = PBXFileReference; lastKnownFileType = file.storyboard; name = Base; path = Base.lproj/LaunchScreen.storyboard; sourceTree = "<group>"; };
		C9543DEF1D3F003D0008E711 /* Info.plist */ = {isa = PBXFileReference; lastKnownFileType = text.plist.xml; path = Info.plist; sourceTree = "<group>"; };
/* End PBXFileReference section */

/* Begin PBXFrameworksBuildPhase section */
		C9543DDD1D3F003B0008E711 /* Frameworks */ = {
			isa = PBXFrameworksBuildPhase;
			buildActionMask = 2147483647;
			files = (
			);
			runOnlyForDeploymentPostprocessing = 0;
		};
/* End PBXFrameworksBuildPhase section */

/* Begin PBXGroup section */
		C9543DD71D3F003B0008E711 = {
			isa = PBXGroup;
			children = (
				C9543DE21D3F003C0008E711 /* BreakingNews */,
				C9543DE11D3F003C0008E711 /* Products */,
			);
			sourceTree = "<group>";
		};
		C9543DE11D3F003C0008E711 /* Products */ = {
			isa = PBXGroup;
			children = (
				C9543DE01D3F003C0008E711 /* BreakingNews.app */,
			);
			name = Products;
			sourceTree = "<group>";
		};
		C9543DE21D3F003C0008E711 /* BreakingNews */ = {
			isa = PBXGroup;
			children = (
				C9543DE31D3F003D0008E711 /* AppDelegate.swift */,
				C9543DE51D3F003D0008E711 /* BNViewController.swift */,
				C9543DE71D3F003D0008E711 /* Main.storyboard */,
				132BA0801F43CF03004B74AC /* BNUtils.swift */,
				132BA0821F43CF83004B74AC /* BNEtxn.swift */,
				C9543DEA1D3F003D0008E711 /* Assets.xcassets */,
				C9543DEC1D3F003D0008E711 /* LaunchScreen.storyboard */,
				C9543DEF1D3F003D0008E711 /* Info.plist */,
			);
			path = BreakingNews;
			sourceTree = "<group>";
		};
/* End PBXGroup section */

/* Begin PBXNativeTarget section */
		C9543DDF1D3F003B0008E711 /* BreakingNews */ = {
			isa = PBXNativeTarget;
			buildConfigurationList = C9543DF21D3F003D0008E711 /* Build configuration list for PBXNativeTarget "BreakingNews" */;
			buildPhases = (
				C9543DDC1D3F003B0008E711 /* Sources */,
				C9543DDD1D3F003B0008E711 /* Frameworks */,
				C9543DDE1D3F003B0008E711 /* Resources */,
			);
			buildRules = (
			);
			dependencies = (
			);
			name = BreakingNews;
			productName = BreakingNews;
			productReference = C9543DE01D3F003C0008E711 /* BreakingNews.app */;
			productType = "com.apple.product-type.application";
		};
/* End PBXNativeTarget section */

/* Begin PBXProject section */
		C9543DD81D3F003B0008E711 /* Project object */ = {
			isa = PBXProject;
			attributes = {
				LastSwiftUpdateCheck = 0730;
				LastUpgradeCheck = 0900;
				ORGANIZATIONNAME = della;
				TargetAttributes = {
					C9543DDF1D3F003B0008E711 = {
						CreatedOnToolsVersion = 7.3.1;
						DevelopmentTeam = B3V4C2NCHL;
						LastSwiftMigration = 0900;
					};
				};
			};
			buildConfigurationList = C9543DDB1D3F003B0008E711 /* Build configuration list for PBXProject "BreakingNews" */;
			compatibilityVersion = "Xcode 3.2";
			developmentRegion = English;
			hasScannedForEncodings = 0;
			knownRegions = (
				en,
				Base,
			);
			mainGroup = C9543DD71D3F003B0008E711;
			productRefGroup = C9543DE11D3F003C0008E711 /* Products */;
			projectDirPath = "";
			projectRoot = "";
			targets = (
				C9543DDF1D3F003B0008E711 /* BreakingNews */,
			);
		};
/* End PBXProject section */

/* Begin PBXResourcesBuildPhase section */
		C9543DDE1D3F003B0008E711 /* Resources */ = {
			isa = PBXResourcesBuildPhase;
			buildActionMask = 2147483647;
			files = (
				C9543DEE1D3F003D0008E711 /* LaunchScreen.storyboard in Resources */,
				C9543DEB1D3F003D0008E711 /* Assets.xcassets in Resources */,
				C9543DE91D3F003D0008E711 /* Main.storyboard in Resources */,
			);
			runOnlyForDeploymentPostprocessing = 0;
		};
/* End PBXResourcesBuildPhase section */

/* Begin PBXSourcesBuildPhase section */
		C9543DDC1D3F003B0008E711 /* Sources */ = {
			isa = PBXSourcesBuildPhase;
			buildActionMask = 2147483647;
			files = (
				C9543DE61D3F003D0008E711 /* BNViewController.swift in Sources */,
				C9543DE41D3F003D0008E711 /* AppDelegate.swift in Sources */,
				132BA0831F43CF83004B74AC /* BNEtxn.swift in Sources */,
				132BA0811F43CF03004B74AC /* BNUtils.swift in Sources */,
			);
			runOnlyForDeploymentPostprocessing = 0;
		};
/* End PBXSourcesBuildPhase section */

/* Begin PBXVariantGroup section */
		C9543DE71D3F003D0008E711 /* Main.storyboard */ = {
			isa = PBXVariantGroup;
			children = (
				C9543DE81D3F003D0008E711 /* Base */,
			);
			name = Main.storyboard;
			sourceTree = "<group>";
		};
		C9543DEC1D3F003D0008E711 /* LaunchScreen.storyboard */ = {
			isa = PBXVariantGroup;
			children = (
				C9543DED1D3F003D0008E711 /* Base */,
			);
			name = LaunchScreen.storyboard;
			sourceTree = "<group>";
		};
/* End PBXVariantGroup section */

/* Begin XCBuildConfiguration section */
		C9543DF01D3F003D0008E711 /* Debug */ = {
			isa = XCBuildConfiguration;
			buildSettings = {
				ALWAYS_SEARCH_USER_PATHS = NO;
				CLANG_ANALYZER_NONNULL = YES;
				CLANG_CXX_LANGUAGE_STANDARD = "gnu++0x";
				CLANG_CXX_LIBRARY = "libc++";
				CLANG_ENABLE_MODULES = YES;
				CLANG_ENABLE_OBJC_ARC = YES;
				CLANG_WARN_BLOCK_CAPTURE_AUTORELEASING = YES;
				CLANG_WARN_BOOL_CONVERSION = YES;
				CLANG_WARN_COMMA = YES;
				CLANG_WARN_CONSTANT_CONVERSION = YES;
				CLANG_WARN_DIRECT_OBJC_ISA_USAGE = YES_ERROR;
				CLANG_WARN_EMPTY_BODY = YES;
				CLANG_WARN_ENUM_CONVERSION = YES;
				CLANG_WARN_INFINITE_RECURSION = YES;
				CLANG_WARN_INT_CONVERSION = YES;
				CLANG_WARN_NON_LITERAL_NULL_CONVERSION = YES;
				CLANG_WARN_OBJC_LITERAL_CONVERSION = YES;
				CLANG_WARN_OBJC_ROOT_CLASS = YES_ERROR;
				CLANG_WARN_RANGE_LOOP_ANALYSIS = YES;
				CLANG_WARN_STRICT_PROTOTYPES = YES;
				CLANG_WARN_SUSPICIOUS_MOVE = YES;
				CLANG_WARN_UNREACHABLE_CODE = YES;
				CLANG_WARN__DUPLICATE_METHOD_MATCH = YES;
				"CODE_SIGN_IDENTITY[sdk=iphoneos*]" = "iPhone Developer";
				COPY_PHASE_STRIP = NO;
				DEBUG_INFORMATION_FORMAT = dwarf;
				ENABLE_STRICT_OBJC_MSGSEND = YES;
				ENABLE_TESTABILITY = YES;
				GCC_C_LANGUAGE_STANDARD = gnu99;
				GCC_DYNAMIC_NO_PIC = NO;
				GCC_NO_COMMON_BLOCKS = YES;
				GCC_OPTIMIZATION_LEVEL = 0;
				GCC_PREPROCESSOR_DEFINITIONS = (
					"DEBUG=1",
					"$(inherited)",
				);
				GCC_WARN_64_TO_32_BIT_CONVERSION = YES;
				GCC_WARN_ABOUT_RETURN_TYPE = YES_ERROR;
				GCC_WARN_UNDECLARED_SELECTOR = YES;
				GCC_WARN_UNINITIALIZED_AUTOS = YES_AGGRESSIVE;
				GCC_WARN_UNUSED_FUNCTION = YES;
				GCC_WARN_UNUSED_VARIABLE = YES;
				IPHONEOS_DEPLOYMENT_TARGET = 9.3;
				MTL_ENABLE_DEBUG_INFO = YES;
				ONLY_ACTIVE_ARCH = YES;
				SDKROOT = iphoneos;
				SWIFT_OPTIMIZATION_LEVEL = "-Onone";
				TARGETED_DEVICE_FAMILY = "1,2";
			};
			name = Debug;
		};
		C9543DF11D3F003D0008E711 /* Release */ = {
			isa = XCBuildConfiguration;
			buildSettings = {
				ALWAYS_SEARCH_USER_PATHS = NO;
				CLANG_ANALYZER_NONNULL = YES;
				CLANG_CXX_LANGUAGE_STANDARD = "gnu++0x";
				CLANG_CXX_LIBRARY = "libc++";
				CLANG_ENABLE_MODULES = YES;
				CLANG_ENABLE_OBJC_ARC = YES;
				CLANG_WARN_BLOCK_CAPTURE_AUTORELEASING = YES;
				CLANG_WARN_BOOL_CONVERSION = YES;
				CLANG_WARN_COMMA = YES;
				CLANG_WARN_CONSTANT_CONVERSION = YES;
				CLANG_WARN_DIRECT_OBJC_ISA_USAGE = YES_ERROR;
				CLANG_WARN_EMPTY_BODY = YES;
				CLANG_WARN_ENUM_CONVERSION = YES;
				CLANG_WARN_INFINITE_RECURSION = YES;
				CLANG_WARN_INT_CONVERSION = YES;
				CLANG_WARN_NON_LITERAL_NULL_CONVERSION = YES;
				CLANG_WARN_OBJC_LITERAL_CONVERSION = YES;
				CLANG_WARN_OBJC_ROOT_CLASS = YES_ERROR;
				CLANG_WARN_RANGE_LOOP_ANALYSIS = YES;
				CLANG_WARN_STRICT_PROTOTYPES = YES;
				CLANG_WARN_SUSPICIOUS_MOVE = YES;
				CLANG_WARN_UNREACHABLE_CODE = YES;
				CLANG_WARN__DUPLICATE_METHOD_MATCH = YES;
				"CODE_SIGN_IDENTITY[sdk=iphoneos*]" = "iPhone Developer";
				COPY_PHASE_STRIP = NO;
				DEBUG_INFORMATION_FORMAT = "dwarf-with-dsym";
				ENABLE_NS_ASSERTIONS = NO;
				ENABLE_STRICT_OBJC_MSGSEND = YES;
				GCC_C_LANGUAGE_STANDARD = gnu99;
				GCC_NO_COMMON_BLOCKS = YES;
				GCC_WARN_64_TO_32_BIT_CONVERSION = YES;
				GCC_WARN_ABOUT_RETURN_TYPE = YES_ERROR;
				GCC_WARN_UNDECLARED_SELECTOR = YES;
				GCC_WARN_UNINITIALIZED_AUTOS = YES_AGGRESSIVE;
				GCC_WARN_UNUSED_FUNCTION = YES;
				GCC_WARN_UNUSED_VARIABLE = YES;
				IPHONEOS_DEPLOYMENT_TARGET = 9.3;
				MTL_ENABLE_DEBUG_INFO = NO;
				SDKROOT = iphoneos;
				SWIFT_OPTIMIZATION_LEVEL = "-Owholemodule";
				TARGETED_DEVICE_FAMILY = "1,2";
				VALIDATE_PRODUCT = YES;
			};
			name = Release;
		};
		C9543DF31D3F003D0008E711 /* Debug */ = {
			isa = XCBuildConfiguration;
			buildSettings = {
				ASSETCATALOG_COMPILER_APPICON_NAME = AppIcon;
				DEVELOPMENT_TEAM = B3V4C2NCHL;
				INFOPLIST_FILE = BreakingNews/Info.plist;
				LD_RUNPATH_SEARCH_PATHS = "$(inherited) @executable_path/Frameworks";
				PRODUCT_BUNDLE_IDENTIFIER = com.della.BreakingNews;
				PRODUCT_NAME = "$(TARGET_NAME)";
				SWIFT_SWIFT3_OBJC_INFERENCE = On;
				SWIFT_VERSION = 4.0;
			};
			name = Debug;
		};
		C9543DF41D3F003D0008E711 /* Release */ = {
			isa = XCBuildConfiguration;
			buildSettings = {
				ASSETCATALOG_COMPILER_APPICON_NAME = AppIcon;
				DEVELOPMENT_TEAM = B3V4C2NCHL;
				INFOPLIST_FILE = BreakingNews/Info.plist;
				LD_RUNPATH_SEARCH_PATHS = "$(inherited) @executable_path/Frameworks";
				PRODUCT_BUNDLE_IDENTIFIER = com.della.BreakingNews;
				PRODUCT_NAME = "$(TARGET_NAME)";
				SWIFT_SWIFT3_OBJC_INFERENCE = On;
				SWIFT_VERSION = 4.0;
			};
			name = Release;
		};
/* End XCBuildConfiguration section */

/* Begin XCConfigurationList section */
		C9543DDB1D3F003B0008E711 /* Build configuration list for PBXProject "BreakingNews" */ = {
			isa = XCConfigurationList;
			buildConfigurations = (
				C9543DF01D3F003D0008E711 /* Debug */,
				C9543DF11D3F003D0008E711 /* Release */,
			);
			defaultConfigurationIsVisible = 0;
			defaultConfigurationName = Release;
		};
		C9543DF21D3F003D0008E711 /* Build configuration list for PBXNativeTarget "BreakingNews" */ = {
			isa = XCConfigurationList;
			buildConfigurations = (
				C9543DF31D3F003D0008E711 /* Debug */,
				C9543DF41D3F003D0008E711 /* Release */,
			);
			defaultConfigurationIsVisible = 0;
			defaultConfigurationName = Release;
		};
/* End XCConfigurationList section */
	};
	rootObject = C9543DD81D3F003B0008E711 /* Project object */;
}
